Microsoft Visual Studio Solution File, Format Version 12.00
# Visual Studio Version 17
VisualStudioVersion = 17.5.2.0
MinimumVisualStudioVersion = 10.0.40219.1
Project("{FAE04EC0-301F-11D3-BF4B-00C04F79EFBC}") = "Exercicio4", "Exercicio4.csproj", "{68B0BC3D-B5AC-2451-04BB-190D39BF65F4}"
EndProject
Global
	GlobalSection(SolutionConfigurationPlatforms) = preSolution
		Debug|Any CPU = Debug|Any CPU
		Release|Any CPU = Release|Any CPU
	EndGlobalSection
	GlobalSection(ProjectConfigurationPlatforms) = postSolution
		{68B0BC3D-B5AC-2451-04BB-190D39BF65F4}.Debug|Any CPU.ActiveCfg = Debug|Any CPU
		{68B0BC3D-B5AC-2451-04BB-190D39BF65F4}.Debug|Any CPU.Build.0 = Debug|Any CPU
		{68B0BC3D-B5AC-2451-04BB-190D39BF65F4}.Release|Any CPU.ActiveCfg = Release|Any CPU
		{68B0BC3D-B5AC-2451-04BB-190D39BF65F4}.Release|Any CPU.Build.0 = Release|Any CPU
	EndGlobalSection
	GlobalSection(SolutionProperties) = preSolution
		HideSolutionNode = FALSE
	EndGlobalSection
	GlobalSection(ExtensibilityGlobals) = postSolution
		SolutionGuid = {BA323512-BDE6-4D09-897B-FE44EDFD728C}
	EndGlobalSection
EndGlobal
